
Microsoft Visual Studio Solution File, Format Version 12.00
# Visual Studio Version 17
VisualStudioVersion = 17.0.32112.339
MinimumVisualStudioVersion = 10.0.40219.1
Project("{9A19103F-16F7-4668-BE54-9A1E7A4F7556}") = "DotSgo", "DotSgo\DotSgo.csproj", "{839734BB-0B35-4E7C-BDCC-05CB98DC221F}"
EndProject
Project("{9A19103F-16F7-4668-BE54-9A1E7A4F7556}") = "DotBot", "DotBot\DotBot.csproj", "{64B7E0BF-F546-497A-A833-6E8F2EB9FFC8}"
EndProject
Project("{9A19103F-16F7-4668-BE54-9A1E7A4F7556}") = "SgoApi", "SgoApi\SgoApi.csproj", "{5BA58B1B-04D7-4FC8-ABBD-AB33219664C9}"
EndProject
Project("{FAE04EC0-301F-11D3-BF4B-00C04F79EFBC}") = "BotUI", "BotUI\BotUI.csproj", "{3D45BF0B-5826-457C-8170-C89326DEC156}"
EndProject
Global
	GlobalSection(SolutionConfigurationPlatforms) = preSolution
		Debug|Any CPU = Debug|Any CPU
		Release|Any CPU = Release|Any CPU
	EndGlobalSection
	GlobalSection(ProjectConfigurationPlatforms) = postSolution
		{839734BB-0B35-4E7C-BDCC-05CB98DC221F}.Debug|Any CPU.ActiveCfg = Debug|Any CPU
		{839734BB-0B35-4E7C-BDCC-05CB98DC221F}.Debug|Any CPU.Build.0 = Debug|Any CPU
		{839734BB-0B35-4E7C-BDCC-05CB98DC221F}.Release|Any CPU.ActiveCfg = Release|Any CPU
		{839734BB-0B35-4E7C-BDCC-05CB98DC221F}.Release|Any CPU.Build.0 = Release|Any CPU
		{64B7E0BF-F546-497A-A833-6E8F2EB9FFC8}.Debug|Any CPU.ActiveCfg = Debug|Any CPU
		{64B7E0BF-F546-497A-A833-6E8F2EB9FFC8}.Debug|Any CPU.Build.0 = Debug|Any CPU
		{64B7E0BF-F546-497A-A833-6E8F2EB9FFC8}.Release|Any CPU.ActiveCfg = Release|Any CPU
		{64B7E0BF-F546-497A-A833-6E8F2EB9FFC8}.Release|Any CPU.Build.0 = Release|Any CPU
		{5BA58B1B-04D7-4FC8-ABBD-AB33219664C9}.Debug|Any CPU.ActiveCfg = Debug|Any CPU
		{5BA58B1B-04D7-4FC8-ABBD-AB33219664C9}.Debug|Any CPU.Build.0 = Debug|Any CPU
		{5BA58B1B-04D7-4FC8-ABBD-AB33219664C9}.Release|Any CPU.ActiveCfg = Release|Any CPU
		{5BA58B1B-04D7-4FC8-ABBD-AB33219664C9}.Release|Any CPU.Build.0 = Release|Any CPU
		{3D45BF0B-5826-457C-8170-C89326DEC156}.Debug|Any CPU.ActiveCfg = Debug|Any CPU
		{3D45BF0B-5826-457C-8170-C89326DEC156}.Debug|Any CPU.Build.0 = Debug|Any CPU
		{3D45BF0B-5826-457C-8170-C89326DEC156}.Release|Any CPU.ActiveCfg = Release|Any CPU
		{3D45BF0B-5826-457C-8170-C89326DEC156}.Release|Any CPU.Build.0 = Release|Any CPU
	EndGlobalSection
	GlobalSection(SolutionProperties) = preSolution
		HideSolutionNode = FALSE
	EndGlobalSection
	GlobalSection(ExtensibilityGlobals) = postSolution
		SolutionGuid = {937C3003-7E84-491F-AAC2-51F923907B02}
	EndGlobalSection
EndGlobal
